
Microsoft Visual Studio Solution File, Format Version 11.00
# Visual Studio 2010
Project("{FAE04EC0-301F-11D3-BF4B-00C04F79EFBC}") = "WindowsFormsApplication1", "WindowsFormsApplication1\WindowsFormsApplication1.csproj", "{A03BE8F5-5F46-48AA-9D06-1AB772F6B955}"
EndProject
Global
	GlobalSection(SolutionConfigurationPlatforms) = preSolution
		Debug|x86 = Debug|x86
		Release|x86 = Release|x86
	EndGlobalSection
	GlobalSection(ProjectConfigurationPlatforms) = postSolution
		{A03BE8F5-5F46-48AA-9D06-1AB772F6B955}.Debug|x86.ActiveCfg = Debug|x86
		{A03BE8F5-5F46-48AA-9D06-1AB772F6B955}.Debug|x86.Build.0 = Debug|x86
		{A03BE8F5-5F46-48AA-9D06-1AB772F6B955}.Release|x86.ActiveCfg = Release|x86
		{A03BE8F5-5F46-48AA-9D06-1AB772F6B955}.Release|x86.Build.0 = Release|x86
	EndGlobalSection
	GlobalSection(SolutionProperties) = preSolution
		HideSolutionNode = FALSE
	EndGlobalSection
EndGlobal
