
Microsoft Visual Studio Solution File, Format Version 12.00
# Visual Studio 14
VisualStudioVersion = 14.0.25420.1
MinimumVisualStudioVersion = 10.0.40219.1
Project("{FAE04EC0-301F-11D3-BF4B-00C04F79EFBC}") = "Prototypes.Gui.ApplicationShell", "Prototypes.Gui.ApplicationShell\Prototypes.Gui.ApplicationShell.csproj", "{76C1514E-6068-4BC2-9AC6-5C4B0AEF1308}"
EndProject
Project("{2150E333-8FDC-42A3-9474-1A3956D46DE8}") = "Modules", "Modules", "{26A99625-D375-4195-8C74-E42CB72FECD2}"
EndProject
Project("{2150E333-8FDC-42A3-9474-1A3956D46DE8}") = "Business", "Business", "{5179C400-207D-4B3B-825F-AC1223E19D6B}"
EndProject
Project("{2150E333-8FDC-42A3-9474-1A3956D46DE8}") = "Views", "Views", "{0EDF328D-F070-406E-A334-1ACE63328C98}"
EndProject
Project("{FAE04EC0-301F-11D3-BF4B-00C04F79EFBC}") = "Prototypes.Gui.Infrastucture", "Prototypes.Gui.Infrastucture\Prototypes.Gui.Infrastucture.csproj", "{DA04E88F-3D78-49EE-9794-0A0144688871}"
EndProject
Project("{FAE04EC0-301F-11D3-BF4B-00C04F79EFBC}") = "Prototypes.Modules.ModuleA", "Prototypes.Modules.ModuleA\Prototypes.Modules.ModuleA.csproj", "{FA869DB5-1B96-4A98-9916-28EFE14FE1B2}"
EndProject
Global
	GlobalSection(SolutionConfigurationPlatforms) = preSolution
		Debug|Any CPU = Debug|Any CPU
		Release|Any CPU = Release|Any CPU
	EndGlobalSection
	GlobalSection(ProjectConfigurationPlatforms) = postSolution
		{76C1514E-6068-4BC2-9AC6-5C4B0AEF1308}.Debug|Any CPU.ActiveCfg = Debug|Any CPU
		{76C1514E-6068-4BC2-9AC6-5C4B0AEF1308}.Debug|Any CPU.Build.0 = Debug|Any CPU
		{76C1514E-6068-4BC2-9AC6-5C4B0AEF1308}.Release|Any CPU.ActiveCfg = Release|Any CPU
		{76C1514E-6068-4BC2-9AC6-5C4B0AEF1308}.Release|Any CPU.Build.0 = Release|Any CPU
		{DA04E88F-3D78-49EE-9794-0A0144688871}.Debug|Any CPU.ActiveCfg = Debug|Any CPU
		{DA04E88F-3D78-49EE-9794-0A0144688871}.Debug|Any CPU.Build.0 = Debug|Any CPU
		{DA04E88F-3D78-49EE-9794-0A0144688871}.Release|Any CPU.ActiveCfg = Release|Any CPU
		{DA04E88F-3D78-49EE-9794-0A0144688871}.Release|Any CPU.Build.0 = Release|Any CPU
		{FA869DB5-1B96-4A98-9916-28EFE14FE1B2}.Debug|Any CPU.ActiveCfg = Debug|Any CPU
		{FA869DB5-1B96-4A98-9916-28EFE14FE1B2}.Debug|Any CPU.Build.0 = Debug|Any CPU
		{FA869DB5-1B96-4A98-9916-28EFE14FE1B2}.Release|Any CPU.ActiveCfg = Release|Any CPU
		{FA869DB5-1B96-4A98-9916-28EFE14FE1B2}.Release|Any CPU.Build.0 = Release|Any CPU
	EndGlobalSection
	GlobalSection(SolutionProperties) = preSolution
		HideSolutionNode = FALSE
	EndGlobalSection
	GlobalSection(NestedProjects) = preSolution
		{FA869DB5-1B96-4A98-9916-28EFE14FE1B2} = {26A99625-D375-4195-8C74-E42CB72FECD2}
	EndGlobalSection
EndGlobal
