Microsoft Visual Studio Solution File, Format Version 11.00
# Visual Studio 2010
Project("{FAE04EC0-301F-11D3-BF4B-00C04F79EFBC}") = "StringHelperTest", "StringHelperTest.csproj", "{3BFA96B9-F461-41FD-ACC9-2D053EAC3876}"
EndProject
Global
	GlobalSection(SolutionConfigurationPlatforms) = preSolution
		Debug|Any CPU = Debug|Any CPU
		Release|Any CPU = Release|Any CPU
	EndGlobalSection
	GlobalSection(ProjectConfigurationPlatforms) = postSolution
		{3BFA96B9-F461-41FD-ACC9-2D053EAC3876}.Debug|Any CPU.ActiveCfg = Debug|Any CPU
		{3BFA96B9-F461-41FD-ACC9-2D053EAC3876}.Debug|Any CPU.Build.0 = Debug|Any CPU
		{3BFA96B9-F461-41FD-ACC9-2D053EAC3876}.Release|Any CPU.ActiveCfg = Release|Any CPU
		{3BFA96B9-F461-41FD-ACC9-2D053EAC3876}.Release|Any CPU.Build.0 = Release|Any CPU
	EndGlobalSection
	GlobalSection(SolutionProperties) = preSolution
		HideSolutionNode = FALSE
	EndGlobalSection
EndGlobal
