
Microsoft Visual Studio Solution File, Format Version 12.00
# Visual Studio 15
VisualStudioVersion = 15.0.27703.2042
MinimumVisualStudioVersion = 10.0.40219.1
Project("{FAE04EC0-301F-11D3-BF4B-00C04F79EFBC}") = "UnitTests", "UnitTests\UnitTests.csproj", "{DDD1DF4F-BFF7-4F4C-B9FA-D53499DF947B}"
EndProject
Project("{FAE04EC0-301F-11D3-BF4B-00C04F79EFBC}") = "PrototypeApp", "PrototypeApp\PrototypeApp.csproj", "{E8727BF9-F7EA-4592-BF82-AB721BAB642E}"
EndProject
Global
	GlobalSection(SolutionConfigurationPlatforms) = preSolution
		Debug|Any CPU = Debug|Any CPU
		Release|Any CPU = Release|Any CPU
	EndGlobalSection
	GlobalSection(ProjectConfigurationPlatforms) = postSolution
		{DDD1DF4F-BFF7-4F4C-B9FA-D53499DF947B}.Debug|Any CPU.ActiveCfg = Debug|Any CPU
		{DDD1DF4F-BFF7-4F4C-B9FA-D53499DF947B}.Debug|Any CPU.Build.0 = Debug|Any CPU
		{DDD1DF4F-BFF7-4F4C-B9FA-D53499DF947B}.Release|Any CPU.ActiveCfg = Release|Any CPU
		{DDD1DF4F-BFF7-4F4C-B9FA-D53499DF947B}.Release|Any CPU.Build.0 = Release|Any CPU
		{E8727BF9-F7EA-4592-BF82-AB721BAB642E}.Debug|Any CPU.ActiveCfg = Debug|Any CPU
		{E8727BF9-F7EA-4592-BF82-AB721BAB642E}.Debug|Any CPU.Build.0 = Debug|Any CPU
		{E8727BF9-F7EA-4592-BF82-AB721BAB642E}.Release|Any CPU.ActiveCfg = Release|Any CPU
		{E8727BF9-F7EA-4592-BF82-AB721BAB642E}.Release|Any CPU.Build.0 = Release|Any CPU
	EndGlobalSection
	GlobalSection(SolutionProperties) = preSolution
		HideSolutionNode = FALSE
	EndGlobalSection
	GlobalSection(ExtensibilityGlobals) = postSolution
		SolutionGuid = {B2ABC454-E1C3-4E4B-8C8A-4C0843A22819}
	EndGlobalSection
EndGlobal
