
Microsoft Visual Studio Solution File, Format Version 12.00
# Visual Studio 14
VisualStudioVersion = 14.0.25420.1
MinimumVisualStudioVersion = 10.0.40219.1
Project("{FAE04EC0-301F-11D3-BF4B-00C04F79EFBC}") = "ModuleXmlReader", "ModuleXmlReader\ModuleXmlReader.csproj", "{AFC69DF6-8872-4C31-B363-521EC0442AE9}"
EndProject
Project("{FAE04EC0-301F-11D3-BF4B-00C04F79EFBC}") = "ModuleXmlReaderTests", "ModuleXmlReaderTests\ModuleXmlReaderTests.csproj", "{499D8AEF-6AB1-4733-B656-0737860359CA}"
EndProject
Global
	GlobalSection(SolutionConfigurationPlatforms) = preSolution
		Debug|Any CPU = Debug|Any CPU
		Release|Any CPU = Release|Any CPU
	EndGlobalSection
	GlobalSection(ProjectConfigurationPlatforms) = postSolution
		{AFC69DF6-8872-4C31-B363-521EC0442AE9}.Debug|Any CPU.ActiveCfg = Debug|Any CPU
		{AFC69DF6-8872-4C31-B363-521EC0442AE9}.Debug|Any CPU.Build.0 = Debug|Any CPU
		{AFC69DF6-8872-4C31-B363-521EC0442AE9}.Release|Any CPU.ActiveCfg = Release|Any CPU
		{AFC69DF6-8872-4C31-B363-521EC0442AE9}.Release|Any CPU.Build.0 = Release|Any CPU
		{499D8AEF-6AB1-4733-B656-0737860359CA}.Debug|Any CPU.ActiveCfg = Debug|Any CPU
		{499D8AEF-6AB1-4733-B656-0737860359CA}.Debug|Any CPU.Build.0 = Debug|Any CPU
		{499D8AEF-6AB1-4733-B656-0737860359CA}.Release|Any CPU.ActiveCfg = Release|Any CPU
		{499D8AEF-6AB1-4733-B656-0737860359CA}.Release|Any CPU.Build.0 = Release|Any CPU
	EndGlobalSection
	GlobalSection(SolutionProperties) = preSolution
		HideSolutionNode = FALSE
	EndGlobalSection
EndGlobal
